
Microsoft Visual Studio Solution File, Format Version 12.00
# Visual Studio 15
VisualStudioVersion = 15.0.26430.6
MinimumVisualStudioVersion = 10.0.40219.1
Project("{FAE04EC0-301F-11D3-BF4B-00C04F79EFBC}") = "ExcelHandler", "ExcelHandler.csproj", "{BF1C070D-18C1-47DD-9890-A2C1A1A1901A}"
EndProject
Global
	GlobalSection(SolutionConfigurationPlatforms) = preSolution
		Debug|Any CPU = Debug|Any CPU
		Release|Any CPU = Release|Any CPU
	EndGlobalSection
	GlobalSection(ProjectConfigurationPlatforms) = postSolution
		{BF1C070D-18C1-47DD-9890-A2C1A1A1901A}.Debug|Any CPU.ActiveCfg = Debug|Any CPU
		{BF1C070D-18C1-47DD-9890-A2C1A1A1901A}.Debug|Any CPU.Build.0 = Debug|Any CPU
		{BF1C070D-18C1-47DD-9890-A2C1A1A1901A}.Release|Any CPU.ActiveCfg = Release|Any CPU
		{BF1C070D-18C1-47DD-9890-A2C1A1A1901A}.Release|Any CPU.Build.0 = Release|Any CPU
	EndGlobalSection
	GlobalSection(SolutionProperties) = preSolution
		HideSolutionNode = FALSE
	EndGlobalSection
EndGlobal
